
Microsoft Visual Studio Solution File, Format Version 12.00
# Visual Studio 15
VisualStudioVersion = 15.0.33026.149
MinimumVisualStudioVersion = 10.0.40219.1
Project("{888888A0-9F3D-457C-B088-3A5042F75D52}") = "AOC2022", "AOC2022.pyproj", "{534FCA91-CF39-4B32-B3A8-2299373DA55F}"
EndProject
Global
	GlobalSection(SolutionConfigurationPlatforms) = preSolution
		Debug|Any CPU = Debug|Any CPU
		Release|Any CPU = Release|Any CPU
	EndGlobalSection
	GlobalSection(ProjectConfigurationPlatforms) = postSolution
		{534FCA91-CF39-4B32-B3A8-2299373DA55F}.Debug|Any CPU.ActiveCfg = Debug|Any CPU
		{534FCA91-CF39-4B32-B3A8-2299373DA55F}.Release|Any CPU.ActiveCfg = Release|Any CPU
	EndGlobalSection
	GlobalSection(SolutionProperties) = preSolution
		HideSolutionNode = FALSE
	EndGlobalSection
	GlobalSection(ExtensibilityGlobals) = postSolution
		SolutionGuid = {D17C8D67-3059-49BB-A3D2-D5BAE22E6DD3}
	EndGlobalSection
EndGlobal
